
Microsoft Visual Studio Solution File, Format Version 12.00
# Visual Studio Version 17
VisualStudioVersion = 17.0.31903.59
MinimumVisualStudioVersion = 10.0.40219.1
Project("{FAE04EC0-301F-11D3-BF4B-00C04F79EFBC}") = "Cocorra.DAL", "Cocorra.DAL\Cocorra.DAL.csproj", "{D14766AF-B1F5-43D2-A16D-4960121F55E8}"
EndProject
Project("{FAE04EC0-301F-11D3-BF4B-00C04F79EFBC}") = "Cocorra.BLL", "Cocorra.BLL\Cocorra.BLL.csproj", "{430529BD-26E8-4913-B92B-CEDABF5CE629}"
EndProject
Project("{FAE04EC0-301F-11D3-BF4B-00C04F79EFBC}") = "Cocorra.API", "Cocorra.API\Cocorra.API.csproj", "{3390EA04-61EF-415D-897B-61FEDF740F59}"
EndProject
Project("{FAE04EC0-301F-11D3-BF4B-00C04F79EFBC}") = "Cocorra.Tests", "Cocorra.Tests\Cocorra.Tests.csproj", "{6AC2C8F0-9873-46D2-8297-1467A3BF591B}"
EndProject
Global
	GlobalSection(SolutionConfigurationPlatforms) = preSolution
		Debug|Any CPU = Debug|Any CPU
		Debug|x64 = Debug|x64
		Debug|x86 = Debug|x86
		Release|Any CPU = Release|Any CPU
		Release|x64 = Release|x64
		Release|x86 = Release|x86
	EndGlobalSection
	GlobalSection(ProjectConfigurationPlatforms) = postSolution
		{D14766AF-B1F5-43D2-A16D-4960121F55E8}.Debug|Any CPU.ActiveCfg = Debug|Any CPU
		{D14766AF-B1F5-43D2-A16D-4960121F55E8}.Debug|Any CPU.Build.0 = Debug|Any CPU
		{D14766AF-B1F5-43D2-A16D-4960121F55E8}.Debug|x64.ActiveCfg = Debug|Any CPU
		{D14766AF-B1F5-43D2-A16D-4960121F55E8}.Debug|x64.Build.0 = Debug|Any CPU
		{D14766AF-B1F5-43D2-A16D-4960121F55E8}.Debug|x86.ActiveCfg = Debug|Any CPU
		{D14766AF-B1F5-43D2-A16D-4960121F55E8}.Debug|x86.Build.0 = Debug|Any CPU
		{D14766AF-B1F5-43D2-A16D-4960121F55E8}.Release|Any CPU.ActiveCfg = Release|Any CPU
		{D14766AF-B1F5-43D2-A16D-4960121F55E8}.Release|Any CPU.Build.0 = Release|Any CPU
		{D14766AF-B1F5-43D2-A16D-4960121F55E8}.Release|x64.ActiveCfg = Release|Any CPU
		{D14766AF-B1F5-43D2-A16D-4960121F55E8}.Release|x64.Build.0 = Release|Any CPU
		{D14766AF-B1F5-43D2-A16D-4960121F55E8}.Release|x86.ActiveCfg = Release|Any CPU
		{D14766AF-B1F5-43D2-A16D-4960121F55E8}.Release|x86.Build.0 = Release|Any CPU
		{430529BD-26E8-4913-B92B-CEDABF5CE629}.Debug|Any CPU.ActiveCfg = Debug|Any CPU
		{430529BD-26E8-4913-B92B-CEDABF5CE629}.Debug|Any CPU.Build.0 = Debug|Any CPU
		{430529BD-26E8-4913-B92B-CEDABF5CE629}.Debug|x64.ActiveCfg = Debug|Any CPU
		{430529BD-26E8-4913-B92B-CEDABF5CE629}.Debug|x64.Build.0 = Debug|Any CPU
		{430529BD-26E8-4913-B92B-CEDABF5CE629}.Debug|x86.ActiveCfg = Debug|Any CPU
		{430529BD-26E8-4913-B92B-CEDABF5CE629}.Debug|x86.Build.0 = Debug|Any CPU
		{430529BD-26E8-4913-B92B-CEDABF5CE629}.Release|Any CPU.ActiveCfg = Release|Any CPU
		{430529BD-26E8-4913-B92B-CEDABF5CE629}.Release|Any CPU.Build.0 = Release|Any CPU
		{430529BD-26E8-4913-B92B-CEDABF5CE629}.Release|x64.ActiveCfg = Release|Any CPU
		{430529BD-26E8-4913-B92B-CEDABF5CE629}.Release|x64.Build.0 = Release|Any CPU
		{430529BD-26E8-4913-B92B-CEDABF5CE629}.Release|x86.ActiveCfg = Release|Any CPU
		{430529BD-26E8-4913-B92B-CEDABF5CE629}.Release|x86.Build.0 = Release|Any CPU
		{3390EA04-61EF-415D-897B-61FEDF740F59}.Debug|Any CPU.ActiveCfg = Debug|Any CPU
		{3390EA04-61EF-415D-897B-61FEDF740F59}.Debug|Any CPU.Build.0 = Debug|Any CPU
		{3390EA04-61EF-415D-897B-61FEDF740F59}.Debug|x64.ActiveCfg = Debug|Any CPU
		{3390EA04-61EF-415D-897B-61FEDF740F59}.Debug|x64.Build.0 = Debug|Any CPU
		{3390EA04-61EF-415D-897B-61FEDF740F59}.Debug|x86.ActiveCfg = Debug|Any CPU
		{3390EA04-61EF-415D-897B-61FEDF740F59}.Debug|x86.Build.0 = Debug|Any CPU
		{3390EA04-61EF-415D-897B-61FEDF740F59}.Release|Any CPU.ActiveCfg = Release|Any CPU
		{3390EA04-61EF-415D-897B-61FEDF740F59}.Release|Any CPU.Build.0 = Release|Any CPU
		{3390EA04-61EF-415D-897B-61FEDF740F59}.Release|x64.ActiveCfg = Release|Any CPU
		{3390EA04-61EF-415D-897B-61FEDF740F59}.Release|x64.Build.0 = Release|Any CPU
		{3390EA04-61EF-415D-897B-61FEDF740F59}.Release|x86.ActiveCfg = Release|Any CPU
		{3390EA04-61EF-415D-897B-61FEDF740F59}.Release|x86.Build.0 = Release|Any CPU
		{6AC2C8F0-9873-46D2-8297-1467A3BF591B}.Debug|Any CPU.ActiveCfg = Debug|Any CPU
		{6AC2C8F0-9873-46D2-8297-1467A3BF591B}.Debug|Any CPU.Build.0 = Debug|Any CPU
		{6AC2C8F0-9873-46D2-8297-1467A3BF591B}.Debug|x64.ActiveCfg = Debug|Any CPU
		{6AC2C8F0-9873-46D2-8297-1467A3BF591B}.Debug|x64.Build.0 = Debug|Any CPU
		{6AC2C8F0-9873-46D2-8297-1467A3BF591B}.Debug|x86.ActiveCfg = Debug|Any CPU
		{6AC2C8F0-9873-46D2-8297-1467A3BF591B}.Debug|x86.Build.0 = Debug|Any CPU
		{6AC2C8F0-9873-46D2-8297-1467A3BF591B}.Release|Any CPU.ActiveCfg = Release|Any CPU
		{6AC2C8F0-9873-46D2-8297-1467A3BF591B}.Release|Any CPU.Build.0 = Release|Any CPU
		{6AC2C8F0-9873-46D2-8297-1467A3BF591B}.Release|x64.ActiveCfg = Release|Any CPU
		{6AC2C8F0-9873-46D2-8297-1467A3BF591B}.Release|x64.Build.0 = Release|Any CPU
		{6AC2C8F0-9873-46D2-8297-1467A3BF591B}.Release|x86.ActiveCfg = Release|Any CPU
		{6AC2C8F0-9873-46D2-8297-1467A3BF591B}.Release|x86.Build.0 = Release|Any CPU
	EndGlobalSection
	GlobalSection(SolutionProperties) = preSolution
		HideSolutionNode = FALSE
	EndGlobalSection
EndGlobal
